// !$*UTF8*$!
{
	archiveVersion = 1;
	classes = {
	};
	objectVersion = 46;
	objects = {

/* Begin PBXBuildFile section */
		52C5AD7B1D01537C00CBD9EB /* main.m in Sources */ = {isa = PBXBuildFile; fileRef = 52C5AD7A1D01537C00CBD9EB /* main.m */; };
		52C5AD7E1D01537C00CBD9EB /* AppDelegate.m in Sources */ = {isa = PBXBuildFile; fileRef = 52C5AD7D1D01537C00CBD9EB /* AppDelegate.m */; };
		52C5AD811D01537C00CBD9EB /* ViewController.m in Sources */ = {isa = PBXBuildFile; fileRef = 52C5AD801D01537C00CBD9EB /* ViewController.m */; };
		52C5AD841D01537C00CBD9EB /* Main.storyboard in Resources */ = {isa = PBXBuildFile; fileRef = 52C5AD821D01537C00CBD9EB /* Main.storyboard */; };
		52C5AD861D01537C00CBD9EB /* Assets.xcassets in Resources */ = {isa = PBXBuildFile; fileRef = 52C5AD851D01537C00CBD9EB /* Assets.xcassets */; };
		52C5AD891D01537C00CBD9EB /* LaunchScreen.storyboard in Resources */ = {isa = PBXBuildFile; fileRef = 52C5AD871D01537C00CBD9EB /* LaunchScreen.storyboard */; };
		52C5AD941D01537C00CBD9EB /* CoreGraphicsDemoTests.m in Sources */ = {isa = PBXBuildFile; fileRef = 52C5AD931D01537C00CBD9EB /* CoreGraphicsDemoTests.m */; };
		52C5AD9F1D01537C00CBD9EB /* CoreGraphicsDemoUITests.m in Sources */ = {isa = PBXBuildFile; fileRef = 52C5AD9E1D01537C00CBD9EB /* CoreGraphicsDemoUITests.m */; };
		52C5ADAE1D01609D00CBD9EB /* BIDQuartzFunView.m in Sources */ = {isa = PBXBuildFile; fileRef = 52C5ADAD1D01609D00CBD9EB /* BIDQuartzFunView.m */; };
		52DA37E01D0194AC0063A663 /* UIColor+BIDRandom.m in Sources */ = {isa = PBXBuildFile; fileRef = 52DA37DF1D0194AC0063A663 /* UIColor+BIDRandom.m */; };
/* End PBXBuildFile section */

/* Begin PBXContainerItemProxy section */
		52C5AD901D01537C00CBD9EB /* PBXContainerItemProxy */ = {
			isa = PBXContainerItemProxy;
			containerPortal = 52C5AD6E1D01537C00CBD9EB /* Project object */;
			proxyType = 1;
			remoteGlobalIDString = 52C5AD751D01537C00CBD9EB;
			remoteInfo = CoreGraphicsDemo;
		};
		52C5AD9B1D01537C00CBD9EB /* PBXContainerItemProxy */ = {
			isa = PBXContainerItemProxy;
			containerPortal = 52C5AD6E1D01537C00CBD9EB /* Project object */;
			proxyType = 1;
			remoteGlobalIDString = 52C5AD751D01537C00CBD9EB;
			remoteInfo = CoreGraphicsDemo;
		};
/* End PBXContainerItemProxy section */

/* Begin PBXFileReference section */
		52C5AD761D01537C00CBD9EB /* CoreGraphicsDemo.app */ = {isa = PBXFileReference; explicitFileType = wrapper.application; includeInIndex = 0; path = CoreGraphicsDemo.app; sourceTree = BUILT_PRODUCTS_DIR; };
		52C5AD7A1D01537C00CBD9EB /* main.m */ = {isa = PBXFileReference; lastKnownFileType = sourcecode.c.objc; path = main.m; sourceTree = "<group>"; };
		52C5AD7C1D01537C00CBD9EB /* AppDelegate.h */ = {isa = PBXFileReference; lastKnownFileType = sourcecode.c.h; path = AppDelegate.h; sourceTree = "<group>"; };
		52C5AD7D1D01537C00CBD9EB /* AppDelegate.m */ = {isa = PBXFileReference; lastKnownFileType = sourcecode.c.objc; path = AppDelegate.m; sourceTree = "<group>"; };
		52C5AD7F1D01537C00CBD9EB /* ViewController.h */ = {isa = PBXFileReference; lastKnownFileType = sourcecode.c.h; path = ViewController.h; sourceTree = "<group>"; };
		52C5AD801D01537C00CBD9EB /* ViewController.m */ = {isa = PBXFileReference; lastKnownFileType = sourcecode.c.objc; path = ViewController.m; sourceTree = "<group>"; };
		52C5AD831D01537C00CBD9EB /* Base */ = {isa = PBXFileReference; lastKnownFileType = file.storyboard; name = Base; path = Base.lproj/Main.storyboard; sourceTree = "<group>"; };
		52C5AD851D01537C00CBD9EB /* Assets.xcassets */ = {isa = PBXFileReference; lastKnownFileType = folder.assetcatalog; path = Assets.xcassets; sourceTree = "<group>"; };
		52C5AD881D01537C00CBD9EB /* Base */ = {isa = PBXFileReference; lastKnownFileType = file.storyboard; name = Base; path = Base.lproj/LaunchScreen.storyboard; sourceTree = "<group>"; };
		52C5AD8A1D01537C00CBD9EB /* Info.plist */ = {isa = PBXFileReference; lastKnownFileType = text.plist.xml; path = Info.plist; sourceTree = "<group>"; };
		52C5AD8F1D01537C00CBD9EB /* CoreGraphicsDemoTests.xctest */ = {isa = PBXFileReference; explicitFileType = wrapper.cfbundle; includeInIndex = 0; path = CoreGraphicsDemoTests.xctest; sourceTree = BUILT_PRODUCTS_DIR; };
		52C5AD931D01537C00CBD9EB /* CoreGraphicsDemoTests.m */ = {isa = PBXFileReference; lastKnownFileType = sourcecode.c.objc; path = CoreGraphicsDemoTests.m; sourceTree = "<group>"; };
		52C5AD951D01537C00CBD9EB /* Info.plist */ = {isa = PBXFileReference; lastKnownFileType = text.plist.xml; path = Info.plist; sourceTree = "<group>"; };
		52C5AD9A1D01537C00CBD9EB /* CoreGraphicsDemoUITests.xctest */ = {isa = PBXFileReference; explicitFileType = wrapper.cfbundle; includeInIndex = 0; path = CoreGraphicsDemoUITests.xctest; sourceTree = BUILT_PRODUCTS_DIR; };
		52C5AD9E1D01537C00CBD9EB /* CoreGraphicsDemoUITests.m */ = {isa = PBXFileReference; lastKnownFileType = sourcecode.c.objc; path = CoreGraphicsDemoUITests.m; sourceTree = "<group>"; };
		52C5ADA01D01537C00CBD9EB /* Info.plist */ = {isa = PBXFileReference; lastKnownFileType = text.plist.xml; path = Info.plist; sourceTree = "<group>"; };
		52C5ADAC1D01609D00CBD9EB /* BIDQuartzFunView.h */ = {isa = PBXFileReference; fileEncoding = 4; lastKnownFileType = sourcecode.c.h; path = BIDQuartzFunView.h; sourceTree = "<group>"; };
		52C5ADAD1D01609D00CBD9EB /* BIDQuartzFunView.m */ = {isa = PBXFileReference; fileEncoding = 4; lastKnownFileType = sourcecode.c.objc; path = BIDQuartzFunView.m; sourceTree = "<group>"; };
		52DA37DE1D0194AC0063A663 /* UIColor+BIDRandom.h */ = {isa = PBXFileReference; fileEncoding = 4; lastKnownFileType = sourcecode.c.h; path = "UIColor+BIDRandom.h"; sourceTree = "<group>"; };
		52DA37DF1D0194AC0063A663 /* UIColor+BIDRandom.m */ = {isa = PBXFileReference; fileEncoding = 4; lastKnownFileType = sourcecode.c.objc; path = "UIColor+BIDRandom.m"; sourceTree = "<group>"; };
		52DA37EA1D01A3280063A663 /* BIDConstants.h */ = {isa = PBXFileReference; lastKnownFileType = sourcecode.c.h; path = BIDConstants.h; sourceTree = "<group>"; };
/* End PBXFileReference section */

/* Begin PBXFrameworksBuildPhase section */
		52C5AD731D01537C00CBD9EB /* Frameworks */ = {
			isa = PBXFrameworksBuildPhase;
			buildActionMask = 2147483647;
			files = (
			);
			runOnlyForDeploymentPostprocessing = 0;
		};
		52C5AD8C1D01537C00CBD9EB /* Frameworks */ = {
			isa = PBXFrameworksBuildPhase;
			buildActionMask = 2147483647;
			files = (
			);
			runOnlyForDeploymentPostprocessing = 0;
		};
		52C5AD971D01537C00CBD9EB /* Frameworks */ = {
			isa = PBXFrameworksBuildPhase;
			buildActionMask = 2147483647;
			files = (
			);
			runOnlyForDeploymentPostprocessing = 0;
		};
/* End PBXFrameworksBuildPhase section */

/* Begin PBXGroup section */
		52C5AD6D1D01537C00CBD9EB = {
			isa = PBXGroup;
			children = (
				52C5AD781D01537C00CBD9EB /* CoreGraphicsDemo */,
				52C5AD921D01537C00CBD9EB /* CoreGraphicsDemoTests */,
				52C5AD9D1D01537C00CBD9EB /* CoreGraphicsDemoUITests */,
				52C5AD771D01537C00CBD9EB /* Products */,
			);
			sourceTree = "<group>";
		};
		52C5AD771D01537C00CBD9EB /* Products */ = {
			isa = PBXGroup;
			children = (
				52C5AD761D01537C00CBD9EB /* CoreGraphicsDemo.app */,
				52C5AD8F1D01537C00CBD9EB /* CoreGraphicsDemoTests.xctest */,
				52C5AD9A1D01537C00CBD9EB /* CoreGraphicsDemoUITests.xctest */,
			);
			name = Products;
			sourceTree = "<group>";
		};
		52C5AD781D01537C00CBD9EB /* CoreGraphicsDemo */ = {
			isa = PBXGroup;
			children = (
				52C5AD7C1D01537C00CBD9EB /* AppDelegate.h */,
				52C5AD7D1D01537C00CBD9EB /* AppDelegate.m */,
				52C5AD7F1D01537C00CBD9EB /* ViewController.h */,
				52C5AD801D01537C00CBD9EB /* ViewController.m */,
				52C5AD821D01537C00CBD9EB /* Main.storyboard */,
				52C5AD851D01537C00CBD9EB /* Assets.xcassets */,
				52C5AD871D01537C00CBD9EB /* LaunchScreen.storyboard */,
				52C5AD8A1D01537C00CBD9EB /* Info.plist */,
				52C5AD791D01537C00CBD9EB /* Supporting Files */,
				52C5ADAC1D01609D00CBD9EB /* BIDQuartzFunView.h */,
				52C5ADAD1D01609D00CBD9EB /* BIDQuartzFunView.m */,
				52DA37DE1D0194AC0063A663 /* UIColor+BIDRandom.h */,
				52DA37DF1D0194AC0063A663 /* UIColor+BIDRandom.m */,
				52DA37EA1D01A3280063A663 /* BIDConstants.h */,
			);
			path = CoreGraphicsDemo;
			sourceTree = "<group>";
		};
		52C5AD791D01537C00CBD9EB /* Supporting Files */ = {
			isa = PBXGroup;
			children = (
				52C5AD7A1D01537C00CBD9EB /* main.m */,
			);
			name = "Supporting Files";
			sourceTree = "<group>";
		};
		52C5AD921D01537C00CBD9EB /* CoreGraphicsDemoTests */ = {
			isa = PBXGroup;
			children = (
				52C5AD931D01537C00CBD9EB /* CoreGraphicsDemoTests.m */,
				52C5AD951D01537C00CBD9EB /* Info.plist */,
			);
			path = CoreGraphicsDemoTests;
			sourceTree = "<group>";
		};
		52C5AD9D1D01537C00CBD9EB /* CoreGraphicsDemoUITests */ = {
			isa = PBXGroup;
			children = (
				52C5AD9E1D01537C00CBD9EB /* CoreGraphicsDemoUITests.m */,
				52C5ADA01D01537C00CBD9EB /* Info.plist */,
			);
			path = CoreGraphicsDemoUITests;
			sourceTree = "<group>";
		};
/* End PBXGroup section */

/* Begin PBXNativeTarget section */
		52C5AD751D01537C00CBD9EB /* CoreGraphicsDemo */ = {
			isa = PBXNativeTarget;
			buildConfigurationList = 52C5ADA31D01537C00CBD9EB /* Build configuration list for PBXNativeTarget "CoreGraphicsDemo" */;
			buildPhases = (
				52C5AD721D01537C00CBD9EB /* Sources */,
				52C5AD731D01537C00CBD9EB /* Frameworks */,
				52C5AD741D01537C00CBD9EB /* Resources */,
			);
			buildRules = (
			);
			dependencies = (
			);
			name = CoreGraphicsDemo;
			productName = CoreGraphicsDemo;
			productReference = 52C5AD761D01537C00CBD9EB /* CoreGraphicsDemo.app */;
			productType = "com.apple.product-type.application";
		};
		52C5AD8E1D01537C00CBD9EB /* CoreGraphicsDemoTests */ = {
			isa = PBXNativeTarget;
			buildConfigurationList = 52C5ADA61D01537C00CBD9EB /* Build configuration list for PBXNativeTarget "CoreGraphicsDemoTests" */;
			buildPhases = (
				52C5AD8B1D01537C00CBD9EB /* Sources */,
				52C5AD8C1D01537C00CBD9EB /* Frameworks */,
				52C5AD8D1D01537C00CBD9EB /* Resources */,
			);
			buildRules = (
			);
			dependencies = (
				52C5AD911D01537C00CBD9EB /* PBXTargetDependency */,
			);
			name = CoreGraphicsDemoTests;
			productName = CoreGraphicsDemoTests;
			productReference = 52C5AD8F1D01537C00CBD9EB /* CoreGraphicsDemoTests.xctest */;
			productType = "com.apple.product-type.bundle.unit-test";
		};
		52C5AD991D01537C00CBD9EB /* CoreGraphicsDemoUITests */ = {
			isa = PBXNativeTarget;
			buildConfigurationList = 52C5ADA91D01537C00CBD9EB /* Build configuration list for PBXNativeTarget "CoreGraphicsDemoUITests" */;
			buildPhases = (
				52C5AD961D01537C00CBD9EB /* Sources */,
				52C5AD971D01537C00CBD9EB /* Frameworks */,
				52C5AD981D01537C00CBD9EB /* Resources */,
			);
			buildRules = (
			);
			dependencies = (
				52C5AD9C1D01537C00CBD9EB /* PBXTargetDependency */,
			);
			name = CoreGraphicsDemoUITests;
			productName = CoreGraphicsDemoUITests;
			productReference = 52C5AD9A1D01537C00CBD9EB /* CoreGraphicsDemoUITests.xctest */;
			productType = "com.apple.product-type.bundle.ui-testing";
		};
/* End PBXNativeTarget section */

/* Begin PBXProject section */
		52C5AD6E1D01537C00CBD9EB /* Project object */ = {
			isa = PBXProject;
			attributes = {
				LastUpgradeCheck = 0730;
				ORGANIZATIONNAME = test;
				TargetAttributes = {
					52C5AD751D01537C00CBD9EB = {
						CreatedOnToolsVersion = 7.3.1;
					};
					52C5AD8E1D01537C00CBD9EB = {
						CreatedOnToolsVersion = 7.3.1;
						TestTargetID = 52C5AD751D01537C00CBD9EB;
					};
					52C5AD991D01537C00CBD9EB = {
						CreatedOnToolsVersion = 7.3.1;
						TestTargetID = 52C5AD751D01537C00CBD9EB;
					};
				};
			};
			buildConfigurationList = 52C5AD711D01537C00CBD9EB /* Build configuration list for PBXProject "CoreGraphicsDemo" */;
			compatibilityVersion = "Xcode 3.2";
			developmentRegion = English;
			hasScannedForEncodings = 0;
			knownRegions = (
				en,
				Base,
			);
			mainGroup = 52C5AD6D1D01537C00CBD9EB;
			productRefGroup = 52C5AD771D01537C00CBD9EB /* Products */;
			projectDirPath = "";
			projectRoot = "";
			targets = (
				52C5AD751D01537C00CBD9EB /* CoreGraphicsDemo */,
				52C5AD8E1D01537C00CBD9EB /* CoreGraphicsDemoTests */,
				52C5AD991D01537C00CBD9EB /* CoreGraphicsDemoUITests */,
			);
		};
/* End PBXProject section */

/* Begin PBXResourcesBuildPhase section */
		52C5AD741D01537C00CBD9EB /* Resources */ = {
			isa = PBXResourcesBuildPhase;
			buildActionMask = 2147483647;
			files = (
				52C5AD891D01537C00CBD9EB /* LaunchScreen.storyboard in Resources */,
				52C5AD861D01537C00CBD9EB /* Assets.xcassets in Resources */,
				52C5AD841D01537C00CBD9EB /* Main.storyboard in Resources */,
			);
			runOnlyForDeploymentPostprocessing = 0;
		};
		52C5AD8D1D01537C00CBD9EB /* Resources */ = {
			isa = PBXResourcesBuildPhase;
			buildActionMask = 2147483647;
			files = (
			);
			runOnlyForDeploymentPostprocessing = 0;
		};
		52C5AD981D01537C00CBD9EB /* Resources */ = {
			isa = PBXResourcesBuildPhase;
			buildActionMask = 2147483647;
			files = (
			);
			runOnlyForDeploymentPostprocessing = 0;
		};
/* End PBXResourcesBuildPhase section */

/* Begin PBXSourcesBuildPhase section */
		52C5AD721D01537C00CBD9EB /* Sources */ = {
			isa = PBXSourcesBuildPhase;
			buildActionMask = 2147483647;
			files = (
				52DA37E01D0194AC0063A663 /* UIColor+BIDRandom.m in Sources */,
				52C5AD811D01537C00CBD9EB /* ViewController.m in Sources */,
				52C5AD7E1D01537C00CBD9EB /* AppDelegate.m in Sources */,
				52C5AD7B1D01537C00CBD9EB /* main.m in Sources */,
				52C5ADAE1D01609D00CBD9EB /* BIDQuartzFunView.m in Sources */,
			);
			runOnlyForDeploymentPostprocessing = 0;
		};
		52C5AD8B1D01537C00CBD9EB /* Sources */ = {
			isa = PBXSourcesBuildPhase;
			buildActionMask = 2147483647;
			files = (
				52C5AD941D01537C00CBD9EB /* CoreGraphicsDemoTests.m in Sources */,
			);
			runOnlyForDeploymentPostprocessing = 0;
		};
		52C5AD961D01537C00CBD9EB /* Sources */ = {
			isa = PBXSourcesBuildPhase;
			buildActionMask = 2147483647;
			files = (
				52C5AD9F1D01537C00CBD9EB /* CoreGraphicsDemoUITests.m in Sources */,
			);
			runOnlyForDeploymentPostprocessing = 0;
		};
/* End PBXSourcesBuildPhase section */

/* Begin PBXTargetDependency section */
		52C5AD911D01537C00CBD9EB /* PBXTargetDependency */ = {
			isa = PBXTargetDependency;
			target = 52C5AD751D01537C00CBD9EB /* CoreGraphicsDemo */;
			targetProxy = 52C5AD901D01537C00CBD9EB /* PBXContainerItemProxy */;
		};
		52C5AD9C1D01537C00CBD9EB /* PBXTargetDependency */ = {
			isa = PBXTargetDependency;
			target = 52C5AD751D01537C00CBD9EB /* CoreGraphicsDemo */;
			targetProxy = 52C5AD9B1D01537C00CBD9EB /* PBXContainerItemProxy */;
		};
/* End PBXTargetDependency section */

/* Begin PBXVariantGroup section */
		52C5AD821D01537C00CBD9EB /* Main.storyboard */ = {
			isa = PBXVariantGroup;
			children = (
				52C5AD831D01537C00CBD9EB /* Base */,
			);
			name = Main.storyboard;
			sourceTree = "<group>";
		};
		52C5AD871D01537C00CBD9EB /* LaunchScreen.storyboard */ = {
			isa = PBXVariantGroup;
			children = (
				52C5AD881D01537C00CBD9EB /* Base */,
			);
			name = LaunchScreen.storyboard;
			sourceTree = "<group>";
		};
/* End PBXVariantGroup section */

/* Begin XCBuildConfiguration section */
		52C5ADA11D01537C00CBD9EB /* Debug */ = {
			isa = XCBuildConfiguration;
			buildSettings = {
				ALWAYS_SEARCH_USER_PATHS = NO;
				CLANG_ANALYZER_NONNULL = YES;
				CLANG_CXX_LANGUAGE_STANDARD = "gnu++0x";
				CLANG_CXX_LIBRARY = "libc++";
				CLANG_ENABLE_MODULES = YES;
				CLANG_ENABLE_OBJC_ARC = YES;
				CLANG_WARN_BOOL_CONVERSION = YES;
				CLANG_WARN_CONSTANT_CONVERSION = YES;
				CLANG_WARN_DIRECT_OBJC_ISA_USAGE = YES_ERROR;
				CLANG_WARN_EMPTY_BODY = YES;
				CLANG_WARN_ENUM_CONVERSION = YES;
				CLANG_WARN_INT_CONVERSION = YES;
				CLANG_WARN_OBJC_ROOT_CLASS = YES_ERROR;
				CLANG_WARN_UNREACHABLE_CODE = YES;
				CLANG_WARN__DUPLICATE_METHOD_MATCH = YES;
				"CODE_SIGN_IDENTITY[sdk=iphoneos*]" = "iPhone Developer";
				COPY_PHASE_STRIP = NO;
				DEBUG_INFORMATION_FORMAT = dwarf;
				ENABLE_STRICT_OBJC_MSGSEND = YES;
				ENABLE_TESTABILITY = YES;
				GCC_C_LANGUAGE_STANDARD = gnu99;
				GCC_DYNAMIC_NO_PIC = NO;
				GCC_NO_COMMON_BLOCKS = YES;
				GCC_OPTIMIZATION_LEVEL = 0;
				GCC_PREPROCESSOR_DEFINITIONS = (
					"DEBUG=1",
					"$(inherited)",
				);
				GCC_WARN_64_TO_32_BIT_CONVERSION = YES;
				GCC_WARN_ABOUT_RETURN_TYPE = YES_ERROR;
				GCC_WARN_UNDECLARED_SELECTOR = YES;
				GCC_WARN_UNINITIALIZED_AUTOS = YES_AGGRESSIVE;
				GCC_WARN_UNUSED_FUNCTION = YES;
				GCC_WARN_UNUSED_VARIABLE = YES;
				IPHONEOS_DEPLOYMENT_TARGET = 9.3;
				MTL_ENABLE_DEBUG_INFO = YES;
				ONLY_ACTIVE_ARCH = YES;
				SDKROOT = iphoneos;
				TARGETED_DEVICE_FAMILY = "1,2";
			};
			name = Debug;
		};
		52C5ADA21D01537C00CBD9EB /* Release */ = {
			isa = XCBuildConfiguration;
			buildSettings = {
				ALWAYS_SEARCH_USER_PATHS = NO;
				CLANG_ANALYZER_NONNULL = YES;
				CLANG_CXX_LANGUAGE_STANDARD = "gnu++0x";
				CLANG_CXX_LIBRARY = "libc++";
				CLANG_ENABLE_MODULES = YES;
				CLANG_ENABLE_OBJC_ARC = YES;
				CLANG_WARN_BOOL_CONVERSION = YES;
				CLANG_WARN_CONSTANT_CONVERSION = YES;
				CLANG_WARN_DIRECT_OBJC_ISA_USAGE = YES_ERROR;
				CLANG_WARN_EMPTY_BODY = YES;
				CLANG_WARN_ENUM_CONVERSION = YES;
				CLANG_WARN_INT_CONVERSION = YES;
				CLANG_WARN_OBJC_ROOT_CLASS = YES_ERROR;
				CLANG_WARN_UNREACHABLE_CODE = YES;
				CLANG_WARN__DUPLICATE_METHOD_MATCH = YES;
				"CODE_SIGN_IDENTITY[sdk=iphoneos*]" = "iPhone Developer";
				COPY_PHASE_STRIP = NO;
				DEBUG_INFORMATION_FORMAT = "dwarf-with-dsym";
				ENABLE_NS_ASSERTIONS = NO;
				ENABLE_STRICT_OBJC_MSGSEND = YES;
				GCC_C_LANGUAGE_STANDARD = gnu99;
				GCC_NO_COMMON_BLOCKS = YES;
				GCC_WARN_64_TO_32_BIT_CONVERSION = YES;
				GCC_WARN_ABOUT_RETURN_TYPE = YES_ERROR;
				GCC_WARN_UNDECLARED_SELECTOR = YES;
				GCC_WARN_UNINITIALIZED_AUTOS = YES_AGGRESSIVE;
				GCC_WARN_UNUSED_FUNCTION = YES;
				GCC_WARN_UNUSED_VARIABLE = YES;
				IPHONEOS_DEPLOYMENT_TARGET = 9.3;
				MTL_ENABLE_DEBUG_INFO = NO;
				SDKROOT = iphoneos;
				TARGETED_DEVICE_FAMILY = "1,2";
				VALIDATE_PRODUCT = YES;
			};
			name = Release;
		};
		52C5ADA41D01537C00CBD9EB /* Debug */ = {
			isa = XCBuildConfiguration;
			buildSettings = {
				ASSETCATALOG_COMPILER_APPICON_NAME = AppIcon;
				INFOPLIST_FILE = CoreGraphicsDemo/Info.plist;
				LD_RUNPATH_SEARCH_PATHS = "$(inherited) @executable_path/Frameworks";
				PRODUCT_BUNDLE_IDENTIFIER = harish.CoreGraphicsDemo;
				PRODUCT_NAME = "$(TARGET_NAME)";
			};
			name = Debug;
		};
		52C5ADA51D01537C00CBD9EB /* Release */ = {
			isa = XCBuildConfiguration;
			buildSettings = {
				ASSETCATALOG_COMPILER_APPICON_NAME = AppIcon;
				INFOPLIST_FILE = CoreGraphicsDemo/Info.plist;
				LD_RUNPATH_SEARCH_PATHS = "$(inherited) @executable_path/Frameworks";
				PRODUCT_BUNDLE_IDENTIFIER = harish.CoreGraphicsDemo;
				PRODUCT_NAME = "$(TARGET_NAME)";
			};
			name = Release;
		};
		52C5ADA71D01537C00CBD9EB /* Debug */ = {
			isa = XCBuildConfiguration;
			buildSettings = {
				BUNDLE_LOADER = "$(TEST_HOST)";
				INFOPLIST_FILE = CoreGraphicsDemoTests/Info.plist;
				LD_RUNPATH_SEARCH_PATHS = "$(inherited) @executable_path/Frameworks @loader_path/Frameworks";
				PRODUCT_BUNDLE_IDENTIFIER = harish.CoreGraphicsDemoTests;
				PRODUCT_NAME = "$(TARGET_NAME)";
				TEST_HOST = "$(BUILT_PRODUCTS_DIR)/CoreGraphicsDemo.app/CoreGraphicsDemo";
			};
			name = Debug;
		};
		52C5ADA81D01537C00CBD9EB /* Release */ = {
			isa = XCBuildConfiguration;
			buildSettings = {
				BUNDLE_LOADER = "$(TEST_HOST)";
				INFOPLIST_FILE = CoreGraphicsDemoTests/Info.plist;
				LD_RUNPATH_SEARCH_PATHS = "$(inherited) @executable_path/Frameworks @loader_path/Frameworks";
				PRODUCT_BUNDLE_IDENTIFIER = harish.CoreGraphicsDemoTests;
				PRODUCT_NAME = "$(TARGET_NAME)";
				TEST_HOST = "$(BUILT_PRODUCTS_DIR)/CoreGraphicsDemo.app/CoreGraphicsDemo";
			};
			name = Release;
		};
		52C5ADAA1D01537C00CBD9EB /* Debug */ = {
			isa = XCBuildConfiguration;
			buildSettings = {
				INFOPLIST_FILE = CoreGraphicsDemoUITests/Info.plist;
				LD_RUNPATH_SEARCH_PATHS = "$(inherited) @executable_path/Frameworks @loader_path/Frameworks";
				PRODUCT_BUNDLE_IDENTIFIER = harish.CoreGraphicsDemoUITests;
				PRODUCT_NAME = "$(TARGET_NAME)";
				TEST_TARGET_NAME = CoreGraphicsDemo;
			};
			name = Debug;
		};
		52C5ADAB1D01537C00CBD9EB /* Release */ = {
			isa = XCBuildConfiguration;
			buildSettings = {
				INFOPLIST_FILE = CoreGraphicsDemoUITests/Info.plist;
				LD_RUNPATH_SEARCH_PATHS = "$(inherited) @executable_path/Frameworks @loader_path/Frameworks";
				PRODUCT_BUNDLE_IDENTIFIER = harish.CoreGraphicsDemoUITests;
				PRODUCT_NAME = "$(TARGET_NAME)";
				TEST_TARGET_NAME = CoreGraphicsDemo;
			};
			name = Release;
		};
/* End XCBuildConfiguration section */

/* Begin XCConfigurationList section */
		52C5AD711D01537C00CBD9EB /* Build configuration list for PBXProject "CoreGraphicsDemo" */ = {
			isa = XCConfigurationList;
			buildConfigurations = (
				52C5ADA11D01537C00CBD9EB /* Debug */,
				52C5ADA21D01537C00CBD9EB /* Release */,
			);
			defaultConfigurationIsVisible = 0;
			defaultConfigurationName = Release;
		};
		52C5ADA31D01537C00CBD9EB /* Build configuration list for PBXNativeTarget "CoreGraphicsDemo" */ = {
			isa = XCConfigurationList;
			buildConfigurations = (
				52C5ADA41D01537C00CBD9EB /* Debug */,
				52C5ADA51D01537C00CBD9EB /* Release */,
			);
			defaultConfigurationIsVisible = 0;
			defaultConfigurationName = Release;
		};
		52C5ADA61D01537C00CBD9EB /* Build configuration list for PBXNativeTarget "CoreGraphicsDemoTests" */ = {
			isa = XCConfigurationList;
			buildConfigurations = (
				52C5ADA71D01537C00CBD9EB /* Debug */,
				52C5ADA81D01537C00CBD9EB /* Release */,
			);
			defaultConfigurationIsVisible = 0;
			defaultConfigurationName = Release;
		};
		52C5ADA91D01537C00CBD9EB /* Build configuration list for PBXNativeTarget "CoreGraphicsDemoUITests" */ = {
			isa = XCConfigurationList;
			buildConfigurations = (
				52C5ADAA1D01537C00CBD9EB /* Debug */,
				52C5ADAB1D01537C00CBD9EB /* Release */,
			);
			defaultConfigurationIsVisible = 0;
			defaultConfigurationName = Release;
		};
/* End XCConfigurationList section */
	};
	rootObject = 52C5AD6E1D01537C00CBD9EB /* Project object */;
}
