// !$*UTF8*$!
{
	archiveVersion = 1;
	classes = {
	};
	objectVersion = 46;
	objects = {

/* Begin PBXBuildFile section */
		5257E97F1CC200D100E662C0 /* main.m in Sources */ = {isa = PBXBuildFile; fileRef = 5257E97E1CC200D100E662C0 /* main.m */; };
		5257E9821CC200D100E662C0 /* AppDelegate.m in Sources */ = {isa = PBXBuildFile; fileRef = 5257E9811CC200D100E662C0 /* AppDelegate.m */; };
		5257E9851CC200D100E662C0 /* ViewController.m in Sources */ = {isa = PBXBuildFile; fileRef = 5257E9841CC200D100E662C0 /* ViewController.m */; };
		5257E9881CC200D100E662C0 /* Main.storyboard in Resources */ = {isa = PBXBuildFile; fileRef = 5257E9861CC200D100E662C0 /* Main.storyboard */; };
		5257E98A1CC200D100E662C0 /* Assets.xcassets in Resources */ = {isa = PBXBuildFile; fileRef = 5257E9891CC200D100E662C0 /* Assets.xcassets */; };
		5257E98D1CC200D100E662C0 /* LaunchScreen.storyboard in Resources */ = {isa = PBXBuildFile; fileRef = 5257E98B1CC200D100E662C0 /* LaunchScreen.storyboard */; };
		5257E9981CC200D100E662C0 /* IOSCaluclatorApplicationTests.m in Sources */ = {isa = PBXBuildFile; fileRef = 5257E9971CC200D100E662C0 /* IOSCaluclatorApplicationTests.m */; };
		5257E9A31CC200D100E662C0 /* IOSCaluclatorApplicationUITests.m in Sources */ = {isa = PBXBuildFile; fileRef = 5257E9A21CC200D100E662C0 /* IOSCaluclatorApplicationUITests.m */; };
		5257E9B21CC20E5400E662C0 /* CustomButtom.m in Sources */ = {isa = PBXBuildFile; fileRef = 5257E9B11CC20E5400E662C0 /* CustomButtom.m */; };
/* End PBXBuildFile section */

/* Begin PBXContainerItemProxy section */
		5257E9941CC200D100E662C0 /* PBXContainerItemProxy */ = {
			isa = PBXContainerItemProxy;
			containerPortal = 5257E9721CC200D100E662C0 /* Project object */;
			proxyType = 1;
			remoteGlobalIDString = 5257E9791CC200D100E662C0;
			remoteInfo = IOSCaluclatorApplication;
		};
		5257E99F1CC200D100E662C0 /* PBXContainerItemProxy */ = {
			isa = PBXContainerItemProxy;
			containerPortal = 5257E9721CC200D100E662C0 /* Project object */;
			proxyType = 1;
			remoteGlobalIDString = 5257E9791CC200D100E662C0;
			remoteInfo = IOSCaluclatorApplication;
		};
/* End PBXContainerItemProxy section */

/* Begin PBXFileReference section */
		5257E97A1CC200D100E662C0 /* IOSCaluclatorApplication.app */ = {isa = PBXFileReference; explicitFileType = wrapper.application; includeInIndex = 0; path = IOSCaluclatorApplication.app; sourceTree = BUILT_PRODUCTS_DIR; };
		5257E97E1CC200D100E662C0 /* main.m */ = {isa = PBXFileReference; lastKnownFileType = sourcecode.c.objc; path = main.m; sourceTree = "<group>"; };
		5257E9801CC200D100E662C0 /* AppDelegate.h */ = {isa = PBXFileReference; lastKnownFileType = sourcecode.c.h; path = AppDelegate.h; sourceTree = "<group>"; };
		5257E9811CC200D100E662C0 /* AppDelegate.m */ = {isa = PBXFileReference; lastKnownFileType = sourcecode.c.objc; path = AppDelegate.m; sourceTree = "<group>"; };
		5257E9831CC200D100E662C0 /* ViewController.h */ = {isa = PBXFileReference; lastKnownFileType = sourcecode.c.h; path = ViewController.h; sourceTree = "<group>"; };
		5257E9841CC200D100E662C0 /* ViewController.m */ = {isa = PBXFileReference; lastKnownFileType = sourcecode.c.objc; path = ViewController.m; sourceTree = "<group>"; };
		5257E9871CC200D100E662C0 /* Base */ = {isa = PBXFileReference; lastKnownFileType = file.storyboard; name = Base; path = Base.lproj/Main.storyboard; sourceTree = "<group>"; };
		5257E9891CC200D100E662C0 /* Assets.xcassets */ = {isa = PBXFileReference; lastKnownFileType = folder.assetcatalog; path = Assets.xcassets; sourceTree = "<group>"; };
		5257E98C1CC200D100E662C0 /* Base */ = {isa = PBXFileReference; lastKnownFileType = file.storyboard; name = Base; path = Base.lproj/LaunchScreen.storyboard; sourceTree = "<group>"; };
		5257E98E1CC200D100E662C0 /* Info.plist */ = {isa = PBXFileReference; lastKnownFileType = text.plist.xml; path = Info.plist; sourceTree = "<group>"; };
		5257E9931CC200D100E662C0 /* IOSCaluclatorApplicationTests.xctest */ = {isa = PBXFileReference; explicitFileType = wrapper.cfbundle; includeInIndex = 0; path = IOSCaluclatorApplicationTests.xctest; sourceTree = BUILT_PRODUCTS_DIR; };
		5257E9971CC200D100E662C0 /* IOSCaluclatorApplicationTests.m */ = {isa = PBXFileReference; lastKnownFileType = sourcecode.c.objc; path = IOSCaluclatorApplicationTests.m; sourceTree = "<group>"; };
		5257E9991CC200D100E662C0 /* Info.plist */ = {isa = PBXFileReference; lastKnownFileType = text.plist.xml; path = Info.plist; sourceTree = "<group>"; };
		5257E99E1CC200D100E662C0 /* IOSCaluclatorApplicationUITests.xctest */ = {isa = PBXFileReference; explicitFileType = wrapper.cfbundle; includeInIndex = 0; path = IOSCaluclatorApplicationUITests.xctest; sourceTree = BUILT_PRODUCTS_DIR; };
		5257E9A21CC200D100E662C0 /* IOSCaluclatorApplicationUITests.m */ = {isa = PBXFileReference; lastKnownFileType = sourcecode.c.objc; path = IOSCaluclatorApplicationUITests.m; sourceTree = "<group>"; };
		5257E9A41CC200D100E662C0 /* Info.plist */ = {isa = PBXFileReference; lastKnownFileType = text.plist.xml; path = Info.plist; sourceTree = "<group>"; };
		5257E9B01CC20E5400E662C0 /* CustomButtom.h */ = {isa = PBXFileReference; fileEncoding = 4; lastKnownFileType = sourcecode.c.h; path = CustomButtom.h; sourceTree = "<group>"; };
		5257E9B11CC20E5400E662C0 /* CustomButtom.m */ = {isa = PBXFileReference; fileEncoding = 4; lastKnownFileType = sourcecode.c.objc; path = CustomButtom.m; sourceTree = "<group>"; };
/* End PBXFileReference section */

/* Begin PBXFrameworksBuildPhase section */
		5257E9771CC200D100E662C0 /* Frameworks */ = {
			isa = PBXFrameworksBuildPhase;
			buildActionMask = 2147483647;
			files = (
			);
			runOnlyForDeploymentPostprocessing = 0;
		};
		5257E9901CC200D100E662C0 /* Frameworks */ = {
			isa = PBXFrameworksBuildPhase;
			buildActionMask = 2147483647;
			files = (
			);
			runOnlyForDeploymentPostprocessing = 0;
		};
		5257E99B1CC200D100E662C0 /* Frameworks */ = {
			isa = PBXFrameworksBuildPhase;
			buildActionMask = 2147483647;
			files = (
			);
			runOnlyForDeploymentPostprocessing = 0;
		};
/* End PBXFrameworksBuildPhase section */

/* Begin PBXGroup section */
		5257E9711CC200D100E662C0 = {
			isa = PBXGroup;
			children = (
				5257E97C1CC200D100E662C0 /* IOSCaluclatorApplication */,
				5257E9961CC200D100E662C0 /* IOSCaluclatorApplicationTests */,
				5257E9A11CC200D100E662C0 /* IOSCaluclatorApplicationUITests */,
				5257E97B1CC200D100E662C0 /* Products */,
			);
			sourceTree = "<group>";
		};
		5257E97B1CC200D100E662C0 /* Products */ = {
			isa = PBXGroup;
			children = (
				5257E97A1CC200D100E662C0 /* IOSCaluclatorApplication.app */,
				5257E9931CC200D100E662C0 /* IOSCaluclatorApplicationTests.xctest */,
				5257E99E1CC200D100E662C0 /* IOSCaluclatorApplicationUITests.xctest */,
			);
			name = Products;
			sourceTree = "<group>";
		};
		5257E97C1CC200D100E662C0 /* IOSCaluclatorApplication */ = {
			isa = PBXGroup;
			children = (
				5257E9801CC200D100E662C0 /* AppDelegate.h */,
				5257E9811CC200D100E662C0 /* AppDelegate.m */,
				5257E9831CC200D100E662C0 /* ViewController.h */,
				5257E9841CC200D100E662C0 /* ViewController.m */,
				5257E9861CC200D100E662C0 /* Main.storyboard */,
				5257E9B01CC20E5400E662C0 /* CustomButtom.h */,
				5257E9B11CC20E5400E662C0 /* CustomButtom.m */,
				5257E9891CC200D100E662C0 /* Assets.xcassets */,
				5257E98B1CC200D100E662C0 /* LaunchScreen.storyboard */,
				5257E98E1CC200D100E662C0 /* Info.plist */,
				5257E97D1CC200D100E662C0 /* Supporting Files */,
			);
			path = IOSCaluclatorApplication;
			sourceTree = "<group>";
		};
		5257E97D1CC200D100E662C0 /* Supporting Files */ = {
			isa = PBXGroup;
			children = (
				5257E97E1CC200D100E662C0 /* main.m */,
			);
			name = "Supporting Files";
			sourceTree = "<group>";
		};
		5257E9961CC200D100E662C0 /* IOSCaluclatorApplicationTests */ = {
			isa = PBXGroup;
			children = (
				5257E9971CC200D100E662C0 /* IOSCaluclatorApplicationTests.m */,
				5257E9991CC200D100E662C0 /* Info.plist */,
			);
			path = IOSCaluclatorApplicationTests;
			sourceTree = "<group>";
		};
		5257E9A11CC200D100E662C0 /* IOSCaluclatorApplicationUITests */ = {
			isa = PBXGroup;
			children = (
				5257E9A21CC200D100E662C0 /* IOSCaluclatorApplicationUITests.m */,
				5257E9A41CC200D100E662C0 /* Info.plist */,
			);
			path = IOSCaluclatorApplicationUITests;
			sourceTree = "<group>";
		};
/* End PBXGroup section */

/* Begin PBXNativeTarget section */
		5257E9791CC200D100E662C0 /* IOSCaluclatorApplication */ = {
			isa = PBXNativeTarget;
			buildConfigurationList = 5257E9A71CC200D100E662C0 /* Build configuration list for PBXNativeTarget "IOSCaluclatorApplication" */;
			buildPhases = (
				5257E9761CC200D100E662C0 /* Sources */,
				5257E9771CC200D100E662C0 /* Frameworks */,
				5257E9781CC200D100E662C0 /* Resources */,
			);
			buildRules = (
			);
			dependencies = (
			);
			name = IOSCaluclatorApplication;
			productName = IOSCaluclatorApplication;
			productReference = 5257E97A1CC200D100E662C0 /* IOSCaluclatorApplication.app */;
			productType = "com.apple.product-type.application";
		};
		5257E9921CC200D100E662C0 /* IOSCaluclatorApplicationTests */ = {
			isa = PBXNativeTarget;
			buildConfigurationList = 5257E9AA1CC200D100E662C0 /* Build configuration list for PBXNativeTarget "IOSCaluclatorApplicationTests" */;
			buildPhases = (
				5257E98F1CC200D100E662C0 /* Sources */,
				5257E9901CC200D100E662C0 /* Frameworks */,
				5257E9911CC200D100E662C0 /* Resources */,
			);
			buildRules = (
			);
			dependencies = (
				5257E9951CC200D100E662C0 /* PBXTargetDependency */,
			);
			name = IOSCaluclatorApplicationTests;
			productName = IOSCaluclatorApplicationTests;
			productReference = 5257E9931CC200D100E662C0 /* IOSCaluclatorApplicationTests.xctest */;
			productType = "com.apple.product-type.bundle.unit-test";
		};
		5257E99D1CC200D100E662C0 /* IOSCaluclatorApplicationUITests */ = {
			isa = PBXNativeTarget;
			buildConfigurationList = 5257E9AD1CC200D100E662C0 /* Build configuration list for PBXNativeTarget "IOSCaluclatorApplicationUITests" */;
			buildPhases = (
				5257E99A1CC200D100E662C0 /* Sources */,
				5257E99B1CC200D100E662C0 /* Frameworks */,
				5257E99C1CC200D100E662C0 /* Resources */,
			);
			buildRules = (
			);
			dependencies = (
				5257E9A01CC200D100E662C0 /* PBXTargetDependency */,
			);
			name = IOSCaluclatorApplicationUITests;
			productName = IOSCaluclatorApplicationUITests;
			productReference = 5257E99E1CC200D100E662C0 /* IOSCaluclatorApplicationUITests.xctest */;
			productType = "com.apple.product-type.bundle.ui-testing";
		};
/* End PBXNativeTarget section */

/* Begin PBXProject section */
		5257E9721CC200D100E662C0 /* Project object */ = {
			isa = PBXProject;
			attributes = {
				LastUpgradeCheck = 0730;
				ORGANIZATIONNAME = test;
				TargetAttributes = {
					5257E9791CC200D100E662C0 = {
						CreatedOnToolsVersion = 7.3;
					};
					5257E9921CC200D100E662C0 = {
						CreatedOnToolsVersion = 7.3;
						TestTargetID = 5257E9791CC200D100E662C0;
					};
					5257E99D1CC200D100E662C0 = {
						CreatedOnToolsVersion = 7.3;
						TestTargetID = 5257E9791CC200D100E662C0;
					};
				};
			};
			buildConfigurationList = 5257E9751CC200D100E662C0 /* Build configuration list for PBXProject "IOSCaluclatorApplication" */;
			compatibilityVersion = "Xcode 3.2";
			developmentRegion = English;
			hasScannedForEncodings = 0;
			knownRegions = (
				en,
				Base,
			);
			mainGroup = 5257E9711CC200D100E662C0;
			productRefGroup = 5257E97B1CC200D100E662C0 /* Products */;
			projectDirPath = "";
			projectRoot = "";
			targets = (
				5257E9791CC200D100E662C0 /* IOSCaluclatorApplication */,
				5257E9921CC200D100E662C0 /* IOSCaluclatorApplicationTests */,
				5257E99D1CC200D100E662C0 /* IOSCaluclatorApplicationUITests */,
			);
		};
/* End PBXProject section */

/* Begin PBXResourcesBuildPhase section */
		5257E9781CC200D100E662C0 /* Resources */ = {
			isa = PBXResourcesBuildPhase;
			buildActionMask = 2147483647;
			files = (
				5257E98D1CC200D100E662C0 /* LaunchScreen.storyboard in Resources */,
				5257E98A1CC200D100E662C0 /* Assets.xcassets in Resources */,
				5257E9881CC200D100E662C0 /* Main.storyboard in Resources */,
			);
			runOnlyForDeploymentPostprocessing = 0;
		};
		5257E9911CC200D100E662C0 /* Resources */ = {
			isa = PBXResourcesBuildPhase;
			buildActionMask = 2147483647;
			files = (
			);
			runOnlyForDeploymentPostprocessing = 0;
		};
		5257E99C1CC200D100E662C0 /* Resources */ = {
			isa = PBXResourcesBuildPhase;
			buildActionMask = 2147483647;
			files = (
			);
			runOnlyForDeploymentPostprocessing = 0;
		};
/* End PBXResourcesBuildPhase section */

/* Begin PBXSourcesBuildPhase section */
		5257E9761CC200D100E662C0 /* Sources */ = {
			isa = PBXSourcesBuildPhase;
			buildActionMask = 2147483647;
			files = (
				5257E9851CC200D100E662C0 /* ViewController.m in Sources */,
				5257E9821CC200D100E662C0 /* AppDelegate.m in Sources */,
				5257E97F1CC200D100E662C0 /* main.m in Sources */,
				5257E9B21CC20E5400E662C0 /* CustomButtom.m in Sources */,
			);
			runOnlyForDeploymentPostprocessing = 0;
		};
		5257E98F1CC200D100E662C0 /* Sources */ = {
			isa = PBXSourcesBuildPhase;
			buildActionMask = 2147483647;
			files = (
				5257E9981CC200D100E662C0 /* IOSCaluclatorApplicationTests.m in Sources */,
			);
			runOnlyForDeploymentPostprocessing = 0;
		};
		5257E99A1CC200D100E662C0 /* Sources */ = {
			isa = PBXSourcesBuildPhase;
			buildActionMask = 2147483647;
			files = (
				5257E9A31CC200D100E662C0 /* IOSCaluclatorApplicationUITests.m in Sources */,
			);
			runOnlyForDeploymentPostprocessing = 0;
		};
/* End PBXSourcesBuildPhase section */

/* Begin PBXTargetDependency section */
		5257E9951CC200D100E662C0 /* PBXTargetDependency */ = {
			isa = PBXTargetDependency;
			target = 5257E9791CC200D100E662C0 /* IOSCaluclatorApplication */;
			targetProxy = 5257E9941CC200D100E662C0 /* PBXContainerItemProxy */;
		};
		5257E9A01CC200D100E662C0 /* PBXTargetDependency */ = {
			isa = PBXTargetDependency;
			target = 5257E9791CC200D100E662C0 /* IOSCaluclatorApplication */;
			targetProxy = 5257E99F1CC200D100E662C0 /* PBXContainerItemProxy */;
		};
/* End PBXTargetDependency section */

/* Begin PBXVariantGroup section */
		5257E9861CC200D100E662C0 /* Main.storyboard */ = {
			isa = PBXVariantGroup;
			children = (
				5257E9871CC200D100E662C0 /* Base */,
			);
			name = Main.storyboard;
			sourceTree = "<group>";
		};
		5257E98B1CC200D100E662C0 /* LaunchScreen.storyboard */ = {
			isa = PBXVariantGroup;
			children = (
				5257E98C1CC200D100E662C0 /* Base */,
			);
			name = LaunchScreen.storyboard;
			sourceTree = "<group>";
		};
/* End PBXVariantGroup section */

/* Begin XCBuildConfiguration section */
		5257E9A51CC200D100E662C0 /* Debug */ = {
			isa = XCBuildConfiguration;
			buildSettings = {
				ALWAYS_SEARCH_USER_PATHS = NO;
				CLANG_ANALYZER_NONNULL = YES;
				CLANG_CXX_LANGUAGE_STANDARD = "gnu++0x";
				CLANG_CXX_LIBRARY = "libc++";
				CLANG_ENABLE_MODULES = YES;
				CLANG_ENABLE_OBJC_ARC = YES;
				CLANG_WARN_BOOL_CONVERSION = YES;
				CLANG_WARN_CONSTANT_CONVERSION = YES;
				CLANG_WARN_DIRECT_OBJC_ISA_USAGE = YES_ERROR;
				CLANG_WARN_EMPTY_BODY = YES;
				CLANG_WARN_ENUM_CONVERSION = YES;
				CLANG_WARN_INT_CONVERSION = YES;
				CLANG_WARN_OBJC_ROOT_CLASS = YES_ERROR;
				CLANG_WARN_UNREACHABLE_CODE = YES;
				CLANG_WARN__DUPLICATE_METHOD_MATCH = YES;
				"CODE_SIGN_IDENTITY[sdk=iphoneos*]" = "iPhone Developer";
				COPY_PHASE_STRIP = NO;
				DEBUG_INFORMATION_FORMAT = dwarf;
				ENABLE_STRICT_OBJC_MSGSEND = YES;
				ENABLE_TESTABILITY = YES;
				GCC_C_LANGUAGE_STANDARD = gnu99;
				GCC_DYNAMIC_NO_PIC = NO;
				GCC_NO_COMMON_BLOCKS = YES;
				GCC_OPTIMIZATION_LEVEL = 0;
				GCC_PREPROCESSOR_DEFINITIONS = (
					"DEBUG=1",
					"$(inherited)",
				);
				GCC_WARN_64_TO_32_BIT_CONVERSION = YES;
				GCC_WARN_ABOUT_RETURN_TYPE = YES_ERROR;
				GCC_WARN_UNDECLARED_SELECTOR = YES;
				GCC_WARN_UNINITIALIZED_AUTOS = YES_AGGRESSIVE;
				GCC_WARN_UNUSED_FUNCTION = YES;
				GCC_WARN_UNUSED_VARIABLE = YES;
				IPHONEOS_DEPLOYMENT_TARGET = 9.3;
				MTL_ENABLE_DEBUG_INFO = YES;
				ONLY_ACTIVE_ARCH = YES;
				SDKROOT = iphoneos;
				TARGETED_DEVICE_FAMILY = "1,2";
			};
			name = Debug;
		};
		5257E9A61CC200D100E662C0 /* Release */ = {
			isa = XCBuildConfiguration;
			buildSettings = {
				ALWAYS_SEARCH_USER_PATHS = NO;
				CLANG_ANALYZER_NONNULL = YES;
				CLANG_CXX_LANGUAGE_STANDARD = "gnu++0x";
				CLANG_CXX_LIBRARY = "libc++";
				CLANG_ENABLE_MODULES = YES;
				CLANG_ENABLE_OBJC_ARC = YES;
				CLANG_WARN_BOOL_CONVERSION = YES;
				CLANG_WARN_CONSTANT_CONVERSION = YES;
				CLANG_WARN_DIRECT_OBJC_ISA_USAGE = YES_ERROR;
				CLANG_WARN_EMPTY_BODY = YES;
				CLANG_WARN_ENUM_CONVERSION = YES;
				CLANG_WARN_INT_CONVERSION = YES;
				CLANG_WARN_OBJC_ROOT_CLASS = YES_ERROR;
				CLANG_WARN_UNREACHABLE_CODE = YES;
				CLANG_WARN__DUPLICATE_METHOD_MATCH = YES;
				"CODE_SIGN_IDENTITY[sdk=iphoneos*]" = "iPhone Developer";
				COPY_PHASE_STRIP = NO;
				DEBUG_INFORMATION_FORMAT = "dwarf-with-dsym";
				ENABLE_NS_ASSERTIONS = NO;
				ENABLE_STRICT_OBJC_MSGSEND = YES;
				GCC_C_LANGUAGE_STANDARD = gnu99;
				GCC_NO_COMMON_BLOCKS = YES;
				GCC_WARN_64_TO_32_BIT_CONVERSION = YES;
				GCC_WARN_ABOUT_RETURN_TYPE = YES_ERROR;
				GCC_WARN_UNDECLARED_SELECTOR = YES;
				GCC_WARN_UNINITIALIZED_AUTOS = YES_AGGRESSIVE;
				GCC_WARN_UNUSED_FUNCTION = YES;
				GCC_WARN_UNUSED_VARIABLE = YES;
				IPHONEOS_DEPLOYMENT_TARGET = 9.3;
				MTL_ENABLE_DEBUG_INFO = NO;
				SDKROOT = iphoneos;
				TARGETED_DEVICE_FAMILY = "1,2";
				VALIDATE_PRODUCT = YES;
			};
			name = Release;
		};
		5257E9A81CC200D100E662C0 /* Debug */ = {
			isa = XCBuildConfiguration;
			buildSettings = {
				ASSETCATALOG_COMPILER_APPICON_NAME = AppIcon;
				INFOPLIST_FILE = IOSCaluclatorApplication/Info.plist;
				LD_RUNPATH_SEARCH_PATHS = "$(inherited) @executable_path/Frameworks";
				PRODUCT_BUNDLE_IDENTIFIER = harish.IOSCaluclatorApplication;
				PRODUCT_NAME = "$(TARGET_NAME)";
			};
			name = Debug;
		};
		5257E9A91CC200D100E662C0 /* Release */ = {
			isa = XCBuildConfiguration;
			buildSettings = {
				ASSETCATALOG_COMPILER_APPICON_NAME = AppIcon;
				INFOPLIST_FILE = IOSCaluclatorApplication/Info.plist;
				LD_RUNPATH_SEARCH_PATHS = "$(inherited) @executable_path/Frameworks";
				PRODUCT_BUNDLE_IDENTIFIER = harish.IOSCaluclatorApplication;
				PRODUCT_NAME = "$(TARGET_NAME)";
			};
			name = Release;
		};
		5257E9AB1CC200D100E662C0 /* Debug */ = {
			isa = XCBuildConfiguration;
			buildSettings = {
				BUNDLE_LOADER = "$(TEST_HOST)";
				INFOPLIST_FILE = IOSCaluclatorApplicationTests/Info.plist;
				LD_RUNPATH_SEARCH_PATHS = "$(inherited) @executable_path/Frameworks @loader_path/Frameworks";
				PRODUCT_BUNDLE_IDENTIFIER = harish.IOSCaluclatorApplicationTests;
				PRODUCT_NAME = "$(TARGET_NAME)";
				TEST_HOST = "$(BUILT_PRODUCTS_DIR)/IOSCaluclatorApplication.app/IOSCaluclatorApplication";
			};
			name = Debug;
		};
		5257E9AC1CC200D100E662C0 /* Release */ = {
			isa = XCBuildConfiguration;
			buildSettings = {
				BUNDLE_LOADER = "$(TEST_HOST)";
				INFOPLIST_FILE = IOSCaluclatorApplicationTests/Info.plist;
				LD_RUNPATH_SEARCH_PATHS = "$(inherited) @executable_path/Frameworks @loader_path/Frameworks";
				PRODUCT_BUNDLE_IDENTIFIER = harish.IOSCaluclatorApplicationTests;
				PRODUCT_NAME = "$(TARGET_NAME)";
				TEST_HOST = "$(BUILT_PRODUCTS_DIR)/IOSCaluclatorApplication.app/IOSCaluclatorApplication";
			};
			name = Release;
		};
		5257E9AE1CC200D100E662C0 /* Debug */ = {
			isa = XCBuildConfiguration;
			buildSettings = {
				INFOPLIST_FILE = IOSCaluclatorApplicationUITests/Info.plist;
				LD_RUNPATH_SEARCH_PATHS = "$(inherited) @executable_path/Frameworks @loader_path/Frameworks";
				PRODUCT_BUNDLE_IDENTIFIER = harish.IOSCaluclatorApplicationUITests;
				PRODUCT_NAME = "$(TARGET_NAME)";
				TEST_TARGET_NAME = IOSCaluclatorApplication;
			};
			name = Debug;
		};
		5257E9AF1CC200D100E662C0 /* Release */ = {
			isa = XCBuildConfiguration;
			buildSettings = {
				INFOPLIST_FILE = IOSCaluclatorApplicationUITests/Info.plist;
				LD_RUNPATH_SEARCH_PATHS = "$(inherited) @executable_path/Frameworks @loader_path/Frameworks";
				PRODUCT_BUNDLE_IDENTIFIER = harish.IOSCaluclatorApplicationUITests;
				PRODUCT_NAME = "$(TARGET_NAME)";
				TEST_TARGET_NAME = IOSCaluclatorApplication;
			};
			name = Release;
		};
/* End XCBuildConfiguration section */

/* Begin XCConfigurationList section */
		5257E9751CC200D100E662C0 /* Build configuration list for PBXProject "IOSCaluclatorApplication" */ = {
			isa = XCConfigurationList;
			buildConfigurations = (
				5257E9A51CC200D100E662C0 /* Debug */,
				5257E9A61CC200D100E662C0 /* Release */,
			);
			defaultConfigurationIsVisible = 0;
			defaultConfigurationName = Release;
		};
		5257E9A71CC200D100E662C0 /* Build configuration list for PBXNativeTarget "IOSCaluclatorApplication" */ = {
			isa = XCConfigurationList;
			buildConfigurations = (
				5257E9A81CC200D100E662C0 /* Debug */,
				5257E9A91CC200D100E662C0 /* Release */,
			);
			defaultConfigurationIsVisible = 0;
		};
		5257E9AA1CC200D100E662C0 /* Build configuration list for PBXNativeTarget "IOSCaluclatorApplicationTests" */ = {
			isa = XCConfigurationList;
			buildConfigurations = (
				5257E9AB1CC200D100E662C0 /* Debug */,
				5257E9AC1CC200D100E662C0 /* Release */,
			);
			defaultConfigurationIsVisible = 0;
		};
		5257E9AD1CC200D100E662C0 /* Build configuration list for PBXNativeTarget "IOSCaluclatorApplicationUITests" */ = {
			isa = XCConfigurationList;
			buildConfigurations = (
				5257E9AE1CC200D100E662C0 /* Debug */,
				5257E9AF1CC200D100E662C0 /* Release */,
			);
			defaultConfigurationIsVisible = 0;
		};
/* End XCConfigurationList section */
	};
	rootObject = 5257E9721CC200D100E662C0 /* Project object */;
}
